<?xml version="1.0" encoding="utf-8"?>
<Project ToolsVersion="4.0" xmlns="http://schemas.microsoft.com/developer/msbuild/2003">
  <ItemGroup>
    <Filter Include="Source Files">
      <UniqueIdentifier>{4FC737F1-C7A5-4376-A066-2A32D752A2FF}</UniqueIdentifier>
      <Extensions>cpp;c;cc;cxx;def;odl;idl;hpj;bat;asm;asmx</Extensions>
    </Filter>
    <Filter Include="Header Files">
      <UniqueIdentifier>{93995380-89BD-4b04-88EB-625FBE52EBFB}</UniqueIdentifier>
      <Extensions>h;hh;hpp;hxx;hm;inl;inc;ipp;xsd</Extensions>
    </Filter>
    <Filter Include="Resource Files">
      <UniqueIdentifier>{67DA6AB6-F800-4c08-8B7A-83BB121AAD01}</UniqueIdentifier>
      <Extensions>rc;ico;cur;bmp;dlg;rc2;rct;bin;rgs;gif;jpg;jpeg;jpe;resx;tiff;tif;png;wav;mfcribbon-ms</Extensions>
    </Filter>
  </ItemGroup>
  <ItemGroup>
    <ClInclude Include="stdafx.h">
      <Filter>Header Files</Filter>
    </ClInclude>
    <ClInclude Include="targetver.h">
      <Filter>Header Files</Filter>
    </ClInclude>
    <ClInclude Include="BufferDescription.hpp">
      <Filter>Header Files</Filter>
    </ClInclude>
    <ClInclude Include="BufferUsage.hpp">
      <Filter>Header Files</Filter>
    </ClInclude>
    <ClInclude Include="DeviceBuffer.hpp">
      <Filter>Header Files</Filter>
    </ClInclude>
    <ClInclude Include="GraphicsDevice.hpp">
      <Filter>Header Files</Filter>
    </ClInclude>
    <ClInclude Include="GraphicsDeviceOptions.hpp">
      <Filter>Header Files</Filter>
    </ClInclude>
    <ClInclude Include="ResourceFactory.hpp">
      <Filter>Header Files</Filter>
    </ClInclude>
    <ClInclude Include="Swapchain.hpp">
      <Filter>Header Files</Filter>
    </ClInclude>
    <ClInclude Include="VeldridConfig.hpp">
      <Filter>Header Files</Filter>
    </ClInclude>
    <ClInclude Include="VulkanUtil.hpp">
      <Filter>Header Files</Filter>
    </ClInclude>
    <ClInclude Include="GraphicsDeviceCallbacks.hpp">
      <Filter>Header Files</Filter>
    </ClInclude>
    <ClInclude Include="VdResult.hpp">
      <Filter>Header Files</Filter>
    </ClInclude>
    <ClInclude Include="MemoryManager.hpp">
      <Filter>Header Files</Filter>
    </ClInclude>
    <ClInclude Include="MemoryBlock.hpp">
      <Filter>Header Files</Filter>
    </ClInclude>
    <ClInclude Include="ChunkAllocator.hpp">
      <Filter>Header Files</Filter>
    </ClInclude>
    <ClInclude Include="ChunkAllocatorSet.hpp">
      <Filter>Header Files</Filter>
    </ClInclude>
    <ClInclude Include="Fence.hpp">
      <Filter>Header Files</Filter>
    </ClInclude>
    <ClInclude Include="Sampler.hpp">
      <Filter>Header Files</Filter>
    </ClInclude>
    <ClInclude Include="SamplerDescription.hpp">
      <Filter>Header Files</Filter>
    </ClInclude>
    <ClInclude Include="CommandList.hpp">
      <Filter>Header Files</Filter>
    </ClInclude>
    <ClInclude Include="MapMode.hpp">
      <Filter>Header Files</Filter>
    </ClInclude>
    <ClInclude Include="MappedResource.hpp">
      <Filter>Header Files</Filter>
    </ClInclude>
    <ClInclude Include="Texture.hpp">
      <Filter>Header Files</Filter>
    </ClInclude>
    <ClInclude Include="PixelFormat.hpp">
      <Filter>Header Files</Filter>
    </ClInclude>
    <ClInclude Include="TextureDescription.hpp">
      <Filter>Header Files</Filter>
    </ClInclude>
    <ClInclude Include="TextureUsage.hpp">
      <Filter>Header Files</Filter>
    </ClInclude>
    <ClInclude Include="TextureType.hpp">
      <Filter>Header Files</Filter>
    </ClInclude>
    <ClInclude Include="TextureSampleCount.hpp">
      <Filter>Header Files</Filter>
    </ClInclude>
    <ClInclude Include="FormatHelpers.hpp">
      <Filter>Header Files</Filter>
    </ClInclude>
    <ClInclude Include="Util.hpp">
      <Filter>Header Files</Filter>
    </ClInclude>
    <ClInclude Include="VkFormats.hpp">
      <Filter>Header Files</Filter>
    </ClInclude>
    <ClInclude Include="Framebuffer.hpp">
      <Filter>Header Files</Filter>
    </ClInclude>
    <ClInclude Include="FramebufferBase.hpp">
      <Filter>Header Files</Filter>
    </ClInclude>
    <ClInclude Include="FramebufferAttachmentDescription.hpp">
      <Filter>Header Files</Filter>
    </ClInclude>
    <ClInclude Include="FramebufferDescription.hpp">
      <Filter>Header Files</Filter>
    </ClInclude>
    <ClInclude Include="InteropArray.hpp">
      <Filter>Header Files</Filter>
    </ClInclude>
    <ClInclude Include="Pipeline.hpp">
      <Filter>Header Files</Filter>
    </ClInclude>
    <ClInclude Include="RgbaFloat.hpp">
      <Filter>Header Files</Filter>
    </ClInclude>
    <ClInclude Include="SwapchainFramebuffer.hpp">
      <Filter>Header Files</Filter>
    </ClInclude>
    <ClInclude Include="SwapchainSource.hpp">
      <Filter>Header Files</Filter>
    </ClInclude>
    <ClInclude Include="SwapchainDescription.hpp">
      <Filter>Header Files</Filter>
    </ClInclude>
    <ClInclude Include="OutputDescription.hpp">
      <Filter>Header Files</Filter>
    </ClInclude>
    <ClInclude Include="Shader.hpp">
      <Filter>Header Files</Filter>
    </ClInclude>
    <ClInclude Include="ShaderDescription.hpp">
      <Filter>Header Files</Filter>
    </ClInclude>
    <ClInclude Include="ShaderStages.hpp">
      <Filter>Header Files</Filter>
    </ClInclude>
    <ClInclude Include="ResourceLayout.hpp">
      <Filter>Header Files</Filter>
    </ClInclude>
    <ClInclude Include="DescriptorResourceCounts.hpp">
      <Filter>Header Files</Filter>
    </ClInclude>
    <ClInclude Include="ResourceLayoutDescription.hpp">
      <Filter>Header Files</Filter>
    </ClInclude>
    <ClInclude Include="ResourceKind.hpp">
      <Filter>Header Files</Filter>
    </ClInclude>
    <ClInclude Include="ResourceSet.hpp">
      <Filter>Header Files</Filter>
    </ClInclude>
    <ClInclude Include="ResourceSetDescription.hpp">
      <Filter>Header Files</Filter>
    </ClInclude>
    <ClInclude Include="TextureView.hpp">
      <Filter>Header Files</Filter>
    </ClInclude>
    <ClInclude Include="TextureViewDescription.hpp">
      <Filter>Header Files</Filter>
    </ClInclude>
    <ClInclude Include="DescriptorPoolManager.hpp">
      <Filter>Header Files</Filter>
    </ClInclude>
    <ClInclude Include="DescriptorAllocationToken.hpp">
      <Filter>Header Files</Filter>
    </ClInclude>
    <ClInclude Include="BlendAttachmentDescription.hpp">
      <Filter>Header Files</Filter>
    </ClInclude>
    <ClInclude Include="BlendFactor.hpp">
      <Filter>Header Files</Filter>
    </ClInclude>
    <ClInclude Include="BlendFunction.hpp">
      <Filter>Header Files</Filter>
    </ClInclude>
    <ClInclude Include="BlendStateDescription.hpp">
      <Filter>Header Files</Filter>
    </ClInclude>
    <ClInclude Include="GraphicsPipelineDescription.hpp">
      <Filter>Header Files</Filter>
    </ClInclude>
    <ClInclude Include="StencilBehaviorDescription.hpp">
      <Filter>Header Files</Filter>
    </ClInclude>
    <ClInclude Include="StencilOperation.hpp">
      <Filter>Header Files</Filter>
    </ClInclude>
    <ClInclude Include="ComparisonKind.hpp">
      <Filter>Header Files</Filter>
    </ClInclude>
    <ClInclude Include="DepthStencilStateDescription.hpp">
      <Filter>Header Files</Filter>
    </ClInclude>
    <ClInclude Include="FaceCullMode.hpp">
      <Filter>Header Files</Filter>
    </ClInclude>
    <ClInclude Include="PolygonFillMode.hpp">
      <Filter>Header Files</Filter>
    </ClInclude>
    <ClInclude Include="FrontFace.hpp">
      <Filter>Header Files</Filter>
    </ClInclude>
    <ClInclude Include="RasterizerStateDescription.hpp">
      <Filter>Header Files</Filter>
    </ClInclude>
    <ClInclude Include="PrimitiveTopology.hpp">
      <Filter>Header Files</Filter>
    </ClInclude>
    <ClInclude Include="VertexElementDescription.hpp">
      <Filter>Header Files</Filter>
    </ClInclude>
    <ClInclude Include="VertexElementSemantic.hpp">
      <Filter>Header Files</Filter>
    </ClInclude>
    <ClInclude Include="VertexElementFormat.hpp">
      <Filter>Header Files</Filter>
    </ClInclude>
    <ClInclude Include="VertexLayoutDescription.hpp">
      <Filter>Header Files</Filter>
    </ClInclude>
    <ClInclude Include="ShaderSetDescription.hpp">
      <Filter>Header Files</Filter>
    </ClInclude>
    <ClInclude Include="InteropOutputDescription.hpp">
      <Filter>Header Files</Filter>
    </ClInclude>
    <ClInclude Include="ResourceBindingModel.hpp">
      <Filter>Header Files</Filter>
    </ClInclude>
    <ClInclude Include="IndexFormat.hpp">
      <Filter>Header Files</Filter>
    </ClInclude>
    <ClInclude Include="SamplerAddressMode.hpp">
      <Filter>Header Files</Filter>
    </ClInclude>
    <ClInclude Include="SamplerFilter.hpp">
      <Filter>Header Files</Filter>
    </ClInclude>
    <ClInclude Include="SamplerBorderColor.hpp">
      <Filter>Header Files</Filter>
    </ClInclude>
  </ItemGroup>
  <ItemGroup>
    <ClCompile Include="stdafx.cpp">
      <Filter>Source Files</Filter>
    </ClCompile>
    <ClCompile Include="dllmain.cpp">
      <Filter>Source Files</Filter>
    </ClCompile>
    <ClCompile Include="DeviceBuffer.cpp">
      <Filter>Source Files</Filter>
    </ClCompile>
    <ClCompile Include="GraphicsDevice.cpp">
      <Filter>Source Files</Filter>
    </ClCompile>
    <ClCompile Include="ResourceFactory.cpp">
      <Filter>Source Files</Filter>
    </ClCompile>
    <ClCompile Include="Swapchain.cpp">
      <Filter>Source Files</Filter>
    </ClCompile>
    <ClCompile Include="ChunkAllocator.cpp">
      <Filter>Source Files</Filter>
    </ClCompile>
    <ClCompile Include="ChunkAllocatorSet.cpp">
      <Filter>Source Files</Filter>
    </ClCompile>
    <ClCompile Include="MemoryManager.cpp">
      <Filter>Source Files</Filter>
    </ClCompile>
    <ClCompile Include="Sampler.cpp">
      <Filter>Source Files</Filter>
    </ClCompile>
    <ClCompile Include="CommandList.cpp">
      <Filter>Source Files</Filter>
    </ClCompile>
    <ClCompile Include="Texture.cpp">
      <Filter>Source Files</Filter>
    </ClCompile>
    <ClCompile Include="FormatHelpers.cpp">
      <Filter>Source Files</Filter>
    </ClCompile>
    <ClCompile Include="Framebuffer.cpp">
      <Filter>Source Files</Filter>
    </ClCompile>
    <ClCompile Include="SwapchainFramebuffer.cpp">
      <Filter>Source Files</Filter>
    </ClCompile>
    <ClCompile Include="FramebufferBase.cpp">
      <Filter>Source Files</Filter>
    </ClCompile>
    <ClCompile Include="Shader.cpp">
      <Filter>Source Files</Filter>
    </ClCompile>
    <ClCompile Include="ResourceLayout.cpp">
      <Filter>Source Files</Filter>
    </ClCompile>
    <ClCompile Include="VkFormats.cpp">
      <Filter>Source Files</Filter>
    </ClCompile>
    <ClCompile Include="TextureView.cpp">
      <Filter>Source Files</Filter>
    </ClCompile>
    <ClCompile Include="DescriptorPoolManager.cpp">
      <Filter>Source Files</Filter>
    </ClCompile>
    <ClCompile Include="ResourceSet.cpp">
      <Filter>Source Files</Filter>
    </ClCompile>
    <ClCompile Include="Pipeline.cpp">
      <Filter>Source Files</Filter>
    </ClCompile>
  </ItemGroup>
</Project>